
Microsoft Visual Studio Solution File, Format Version 12.00
Project("{FAE04EC0-301F-11D3-BF4B-00C04F79EFBC}") = "PomagajLokalnieApp", "PomagajLokalnieApp\PomagajLokalnieApp.csproj", "{04D06664-9F14-4166-8BFC-9626D370B959}"
EndProject
Project("{FAE04EC0-301F-11D3-BF4B-00C04F79EFBC}") = "Data", "Data\Data.csproj", "{94D5F7D4-3263-4EEC-BD62-E268F9F0B0CA}"
EndProject
Project("{FAE04EC0-301F-11D3-BF4B-00C04F79EFBC}") = "Services", "Services\Services.csproj", "{8FBAB964-3BDE-49AE-9D3C-9533E4294C7C}"
EndProject
Global
	GlobalSection(SolutionConfigurationPlatforms) = preSolution
		Debug|Any CPU = Debug|Any CPU
		Release|Any CPU = Release|Any CPU
	EndGlobalSection
	GlobalSection(ProjectConfigurationPlatforms) = postSolution
		{04D06664-9F14-4166-8BFC-9626D370B959}.Debug|Any CPU.ActiveCfg = Debug|Any CPU
		{04D06664-9F14-4166-8BFC-9626D370B959}.Debug|Any CPU.Build.0 = Debug|Any CPU
		{04D06664-9F14-4166-8BFC-9626D370B959}.Release|Any CPU.ActiveCfg = Release|Any CPU
		{04D06664-9F14-4166-8BFC-9626D370B959}.Release|Any CPU.Build.0 = Release|Any CPU
		{94D5F7D4-3263-4EEC-BD62-E268F9F0B0CA}.Debug|Any CPU.ActiveCfg = Debug|Any CPU
		{94D5F7D4-3263-4EEC-BD62-E268F9F0B0CA}.Debug|Any CPU.Build.0 = Debug|Any CPU
		{94D5F7D4-3263-4EEC-BD62-E268F9F0B0CA}.Release|Any CPU.ActiveCfg = Release|Any CPU
		{94D5F7D4-3263-4EEC-BD62-E268F9F0B0CA}.Release|Any CPU.Build.0 = Release|Any CPU
		{8FBAB964-3BDE-49AE-9D3C-9533E4294C7C}.Debug|Any CPU.ActiveCfg = Debug|Any CPU
		{8FBAB964-3BDE-49AE-9D3C-9533E4294C7C}.Debug|Any CPU.Build.0 = Debug|Any CPU
		{8FBAB964-3BDE-49AE-9D3C-9533E4294C7C}.Release|Any CPU.ActiveCfg = Release|Any CPU
		{8FBAB964-3BDE-49AE-9D3C-9533E4294C7C}.Release|Any CPU.Build.0 = Release|Any CPU
	EndGlobalSection
EndGlobal
